
Microsoft Visual Studio Solution File, Format Version 12.00
# Visual Studio 14
VisualStudioVersion = 14.0.23107.0
MinimumVisualStudioVersion = 10.0.40219.1
Project("{FAE04EC0-301F-11D3-BF4B-00C04F79EFBC}") = "Reactive", "Reactive\Reactive.csproj", "{E968E38C-42B2-4CA7-A189-D2CAD13A5E82}"
EndProject
Project("{FAE04EC0-301F-11D3-BF4B-00C04F79EFBC}") = "ReactiveAI", "ReactiveAI\ReactiveAI.csproj", "{D8621713-0F13-4750-9691-BD3F7AC56AB7}"
EndProject
Project("{FAE04EC0-301F-11D3-BF4B-00C04F79EFBC}") = "ReactiveUI", "ReactiveUI\ReactiveUI.csproj", "{86E40C6D-5C6A-4EFB-BE34-80C87416EEC0}"
EndProject
Project("{FAE04EC0-301F-11D3-BF4B-00C04F79EFBC}") = "PluginCore", "PluginCore\PluginCore.csproj", "{7B64048C-A733-4D60-961E-046B4CC0A013}"
EndProject
Project("{FAE04EC0-301F-11D3-BF4B-00C04F79EFBC}") = "TestPlugin", "TestPlugin\TestPlugin.csproj", "{7CEFBDAA-E56A-422D-AA77-A629528D8C5E}"
EndProject
Project("{FAE04EC0-301F-11D3-BF4B-00C04F79EFBC}") = "ReactiveService", "ReactiveService\ReactiveService.csproj", "{B9E157ED-762F-4F1C-8A17-964516574143}"
EndProject
Project("{FAE04EC0-301F-11D3-BF4B-00C04F79EFBC}") = "openWord", "openWord\openWord.csproj", "{833003FC-59A6-4191-9A79-C4AA69E2D804}"
EndProject
Global
	GlobalSection(SolutionConfigurationPlatforms) = preSolution
		Debug|Any CPU = Debug|Any CPU
		Debug|x64 = Debug|x64
		Release|Any CPU = Release|Any CPU
		Release|x64 = Release|x64
	EndGlobalSection
	GlobalSection(ProjectConfigurationPlatforms) = postSolution
		{E968E38C-42B2-4CA7-A189-D2CAD13A5E82}.Debug|Any CPU.ActiveCfg = Debug|Any CPU
		{E968E38C-42B2-4CA7-A189-D2CAD13A5E82}.Debug|Any CPU.Build.0 = Debug|Any CPU
		{E968E38C-42B2-4CA7-A189-D2CAD13A5E82}.Debug|x64.ActiveCfg = Debug|x64
		{E968E38C-42B2-4CA7-A189-D2CAD13A5E82}.Debug|x64.Build.0 = Debug|x64
		{E968E38C-42B2-4CA7-A189-D2CAD13A5E82}.Release|Any CPU.ActiveCfg = Release|Any CPU
		{E968E38C-42B2-4CA7-A189-D2CAD13A5E82}.Release|Any CPU.Build.0 = Release|Any CPU
		{E968E38C-42B2-4CA7-A189-D2CAD13A5E82}.Release|x64.ActiveCfg = Release|Any CPU
		{E968E38C-42B2-4CA7-A189-D2CAD13A5E82}.Release|x64.Build.0 = Release|Any CPU
		{D8621713-0F13-4750-9691-BD3F7AC56AB7}.Debug|Any CPU.ActiveCfg = Debug|Any CPU
		{D8621713-0F13-4750-9691-BD3F7AC56AB7}.Debug|Any CPU.Build.0 = Debug|Any CPU
		{D8621713-0F13-4750-9691-BD3F7AC56AB7}.Debug|x64.ActiveCfg = Debug|x64
		{D8621713-0F13-4750-9691-BD3F7AC56AB7}.Debug|x64.Build.0 = Debug|x64
		{D8621713-0F13-4750-9691-BD3F7AC56AB7}.Release|Any CPU.ActiveCfg = Release|Any CPU
		{D8621713-0F13-4750-9691-BD3F7AC56AB7}.Release|Any CPU.Build.0 = Release|Any CPU
		{D8621713-0F13-4750-9691-BD3F7AC56AB7}.Release|x64.ActiveCfg = Release|Any CPU
		{D8621713-0F13-4750-9691-BD3F7AC56AB7}.Release|x64.Build.0 = Release|Any CPU
		{86E40C6D-5C6A-4EFB-BE34-80C87416EEC0}.Debug|Any CPU.ActiveCfg = Debug|x64
		{86E40C6D-5C6A-4EFB-BE34-80C87416EEC0}.Debug|Any CPU.Build.0 = Debug|x64
		{86E40C6D-5C6A-4EFB-BE34-80C87416EEC0}.Debug|x64.ActiveCfg = Debug|x64
		{86E40C6D-5C6A-4EFB-BE34-80C87416EEC0}.Debug|x64.Build.0 = Debug|x64
		{86E40C6D-5C6A-4EFB-BE34-80C87416EEC0}.Release|Any CPU.ActiveCfg = Release|Any CPU
		{86E40C6D-5C6A-4EFB-BE34-80C87416EEC0}.Release|Any CPU.Build.0 = Release|Any CPU
		{86E40C6D-5C6A-4EFB-BE34-80C87416EEC0}.Release|x64.ActiveCfg = Release|x64
		{86E40C6D-5C6A-4EFB-BE34-80C87416EEC0}.Release|x64.Build.0 = Release|x64
		{7B64048C-A733-4D60-961E-046B4CC0A013}.Debug|Any CPU.ActiveCfg = Debug|Any CPU
		{7B64048C-A733-4D60-961E-046B4CC0A013}.Debug|Any CPU.Build.0 = Debug|Any CPU
		{7B64048C-A733-4D60-961E-046B4CC0A013}.Debug|x64.ActiveCfg = Debug|x64
		{7B64048C-A733-4D60-961E-046B4CC0A013}.Debug|x64.Build.0 = Debug|x64
		{7B64048C-A733-4D60-961E-046B4CC0A013}.Release|Any CPU.ActiveCfg = Release|Any CPU
		{7B64048C-A733-4D60-961E-046B4CC0A013}.Release|Any CPU.Build.0 = Release|Any CPU
		{7B64048C-A733-4D60-961E-046B4CC0A013}.Release|x64.ActiveCfg = Release|Any CPU
		{7B64048C-A733-4D60-961E-046B4CC0A013}.Release|x64.Build.0 = Release|Any CPU
		{7CEFBDAA-E56A-422D-AA77-A629528D8C5E}.Debug|Any CPU.ActiveCfg = Debug|Any CPU
		{7CEFBDAA-E56A-422D-AA77-A629528D8C5E}.Debug|Any CPU.Build.0 = Debug|Any CPU
		{7CEFBDAA-E56A-422D-AA77-A629528D8C5E}.Debug|x64.ActiveCfg = Debug|x64
		{7CEFBDAA-E56A-422D-AA77-A629528D8C5E}.Debug|x64.Build.0 = Debug|x64
		{7CEFBDAA-E56A-422D-AA77-A629528D8C5E}.Release|Any CPU.ActiveCfg = Release|Any CPU
		{7CEFBDAA-E56A-422D-AA77-A629528D8C5E}.Release|Any CPU.Build.0 = Release|Any CPU
		{7CEFBDAA-E56A-422D-AA77-A629528D8C5E}.Release|x64.ActiveCfg = Release|Any CPU
		{7CEFBDAA-E56A-422D-AA77-A629528D8C5E}.Release|x64.Build.0 = Release|Any CPU
		{B9E157ED-762F-4F1C-8A17-964516574143}.Debug|Any CPU.ActiveCfg = Debug|Any CPU
		{B9E157ED-762F-4F1C-8A17-964516574143}.Debug|Any CPU.Build.0 = Debug|Any CPU
		{B9E157ED-762F-4F1C-8A17-964516574143}.Debug|x64.ActiveCfg = Debug|x64
		{B9E157ED-762F-4F1C-8A17-964516574143}.Debug|x64.Build.0 = Debug|x64
		{B9E157ED-762F-4F1C-8A17-964516574143}.Release|Any CPU.ActiveCfg = Release|Any CPU
		{B9E157ED-762F-4F1C-8A17-964516574143}.Release|Any CPU.Build.0 = Release|Any CPU
		{B9E157ED-762F-4F1C-8A17-964516574143}.Release|x64.ActiveCfg = Release|Any CPU
		{B9E157ED-762F-4F1C-8A17-964516574143}.Release|x64.Build.0 = Release|Any CPU
		{833003FC-59A6-4191-9A79-C4AA69E2D804}.Debug|Any CPU.ActiveCfg = Debug|Any CPU
		{833003FC-59A6-4191-9A79-C4AA69E2D804}.Debug|Any CPU.Build.0 = Debug|Any CPU
		{833003FC-59A6-4191-9A79-C4AA69E2D804}.Debug|x64.ActiveCfg = Debug|x64
		{833003FC-59A6-4191-9A79-C4AA69E2D804}.Debug|x64.Build.0 = Debug|x64
		{833003FC-59A6-4191-9A79-C4AA69E2D804}.Release|Any CPU.ActiveCfg = Release|Any CPU
		{833003FC-59A6-4191-9A79-C4AA69E2D804}.Release|Any CPU.Build.0 = Release|Any CPU
		{833003FC-59A6-4191-9A79-C4AA69E2D804}.Release|x64.ActiveCfg = Release|Any CPU
		{833003FC-59A6-4191-9A79-C4AA69E2D804}.Release|x64.Build.0 = Release|Any CPU
	EndGlobalSection
	GlobalSection(SolutionProperties) = preSolution
		HideSolutionNode = FALSE
	EndGlobalSection
EndGlobal
